<?xml version="1.0" encoding="utf-8"?>
<Project ToolsVersion="4.0" xmlns="http://schemas.microsoft.com/developer/msbuild/2003">
  <ItemGroup>
    <Filter Include="리소스 파일">
      <UniqueIdentifier>{67DA6AB6-F800-4c08-8B7A-83BB121AAD01}</UniqueIdentifier>
      <Extensions>rc;ico;cur;bmp;dlg;rc2;rct;bin;rgs;gif;jpg;jpeg;jpe;resx;tiff;tif;png;wav;mfcribbon-ms</Extensions>
    </Filter>
    <Filter Include="data">
      <UniqueIdentifier>{003b7574-e748-46d9-bdc3-c11c2ccd5846}</UniqueIdentifier>
    </Filter>
    <Filter Include="Shaders">
      <UniqueIdentifier>{9a217e4f-241a-4cce-ba87-abf7572b3df7}</UniqueIdentifier>
    </Filter>
    <Filter Include="Scripts">
      <UniqueIdentifier>{32e0c130-6937-42ff-aa77-95755f38a4d5}</UniqueIdentifier>
    </Filter>
    <Filter Include="Shaders\HLSL">
      <UniqueIdentifier>{387d9a59-812a-49da-87b1-f844ae53a3df}</UniqueIdentifier>
    </Filter>
    <Filter Include="EngineFrameworks">
      <UniqueIdentifier>{9674c307-5b97-4715-a878-9992848de378}</UniqueIdentifier>
    </Filter>
    <Filter Include="EngineFrameworks\Source">
      <UniqueIdentifier>{93995380-89BD-4b04-88EB-625FBE52EBFB}</UniqueIdentifier>
      <Extensions>h;hh;hpp;hxx;hm;inl;inc;xsd</Extensions>
    </Filter>
    <Filter Include="EngineFrameworks\Source\Frameworks">
      <UniqueIdentifier>{653e4ea3-3182-4481-a91d-5ef4a8968898}</UniqueIdentifier>
    </Filter>
    <Filter Include="EngineFrameworks\Source\Frameworks\ResourceClass">
      <UniqueIdentifier>{59ec0132-e857-42d0-9ccd-eb79454d0d81}</UniqueIdentifier>
    </Filter>
    <Filter Include="EngineFrameworks\Source\Components">
      <UniqueIdentifier>{e6b1b15b-463b-427b-9661-37fc33c7a1cc}</UniqueIdentifier>
    </Filter>
  </ItemGroup>
  <ItemGroup>
    <ClInclude Include="stdafx.h">
      <Filter>EngineFrameworks\Source</Filter>
    </ClInclude>
    <ClInclude Include="targetver.h">
      <Filter>EngineFrameworks\Source</Filter>
    </ClInclude>
    <ClInclude Include="MeshRenderer.h">
      <Filter>EngineFrameworks\Source\Components</Filter>
    </ClInclude>
    <ClInclude Include="D3DClass.h">
      <Filter>EngineFrameworks\Source\Frameworks</Filter>
    </ClInclude>
    <ClInclude Include="DxDefine.h">
      <Filter>EngineFrameworks\Source\Frameworks</Filter>
    </ClInclude>
    <ClInclude Include="GraphicsClass.h">
      <Filter>EngineFrameworks\Source\Frameworks</Filter>
    </ClInclude>
    <ClInclude Include="InputClass.h">
      <Filter>EngineFrameworks\Source\Frameworks</Filter>
    </ClInclude>
    <ClInclude Include="Singleton.h">
      <Filter>EngineFrameworks\Source\Frameworks</Filter>
    </ClInclude>
    <ClInclude Include="SystemClass.h">
      <Filter>EngineFrameworks\Source\Frameworks</Filter>
    </ClInclude>
    <ClInclude Include="ViewPointClass.h">
      <Filter>EngineFrameworks\Source\Frameworks</Filter>
    </ClInclude>
    <ClInclude Include="AlignedAllocationPolicy.h">
      <Filter>EngineFrameworks\Source\Frameworks</Filter>
    </ClInclude>
    <ClInclude Include="ResourcesClass.h">
      <Filter>EngineFrameworks\Source\Frameworks</Filter>
    </ClInclude>
    <ClInclude Include="JHVector.h">
      <Filter>EngineFrameworks\Source</Filter>
    </ClInclude>
    <ClInclude Include="LightComponent.h">
      <Filter>EngineFrameworks\Source\Components</Filter>
    </ClInclude>
    <ClInclude Include="GameObject.h">
      <Filter>EngineFrameworks\Source\Frameworks</Filter>
    </ClInclude>
    <ClInclude Include="Component.h">
      <Filter>EngineFrameworks\Source\Frameworks</Filter>
    </ClInclude>
    <ClInclude Include="CameraComponent.h">
      <Filter>EngineFrameworks\Source\Components</Filter>
    </ClInclude>
    <ClInclude Include="HierachyClass.h">
      <Filter>EngineFrameworks\Source\Frameworks</Filter>
    </ClInclude>
    <ClInclude Include="Transform.h">
      <Filter>EngineFrameworks\Source</Filter>
    </ClInclude>
    <ClInclude Include="MeshClass.h">
      <Filter>EngineFrameworks\Source\Frameworks\ResourceClass</Filter>
    </ClInclude>
    <ClInclude Include="ShaderClass.h">
      <Filter>EngineFrameworks\Source\Frameworks\ResourceClass</Filter>
    </ClInclude>
    <ClInclude Include="TextureClass.h">
      <Filter>EngineFrameworks\Source\Frameworks\ResourceClass</Filter>
    </ClInclude>
    <ClInclude Include="MaterialClass.h">
      <Filter>EngineFrameworks\Source\Frameworks\ResourceClass</Filter>
    </ClInclude>
    <ClInclude Include="RenderTextureClass.h">
      <Filter>EngineFrameworks\Source\Frameworks\ResourceClass</Filter>
    </ClInclude>
    <ClInclude Include="DepthShaderClass.h">
      <Filter>Shaders</Filter>
    </ClInclude>
    <ClInclude Include="ShadowShaderClass.h">
      <Filter>Shaders</Filter>
    </ClInclude>
    <ClInclude Include="TextureShaderClass.h">
      <Filter>Shaders</Filter>
    </ClInclude>
    <ClInclude Include="InputComponent.h">
      <Filter>Scripts</Filter>
    </ClInclude>
    <ClInclude Include="VoxelComponent.h">
      <Filter>Scripts</Filter>
    </ClInclude>
    <ClInclude Include="BitmapClass.h">
      <Filter>EngineFrameworks\Source\Frameworks\ResourceClass</Filter>
    </ClInclude>
    <ClInclude Include="DDSTextureLoader.h">
      <Filter>EngineFrameworks\Source\Frameworks</Filter>
    </ClInclude>
    <ClInclude Include="WICTextureLoader.h">
      <Filter>EngineFrameworks\Source\Frameworks</Filter>
    </ClInclude>
  </ItemGroup>
  <ItemGroup>
    <ClCompile Include="InputComponent.cpp">
      <Filter>Scripts</Filter>
    </ClCompile>
    <ClCompile Include="TextureShaderClass.cpp">
      <Filter>Shaders</Filter>
    </ClCompile>
    <ClCompile Include="ShadowShaderClass.cpp">
      <Filter>Shaders</Filter>
    </ClCompile>
    <ClCompile Include="DepthShaderClass.cpp">
      <Filter>Shaders</Filter>
    </ClCompile>
    <ClCompile Include="ResourcesClass.cpp" />
    <ClCompile Include="HierachyClass.cpp" />
    <ClCompile Include="VoxelComponent.cpp">
      <Filter>Scripts</Filter>
    </ClCompile>
    <ClCompile Include="TextureClass.cpp">
      <Filter>EngineFrameworks\Source\Frameworks\ResourceClass</Filter>
    </ClCompile>
    <ClCompile Include="MaterialClass.cpp">
      <Filter>EngineFrameworks\Source\Frameworks\ResourceClass</Filter>
    </ClCompile>
    <ClCompile Include="MeshClass.cpp">
      <Filter>EngineFrameworks\Source\Frameworks\ResourceClass</Filter>
    </ClCompile>
    <ClCompile Include="RenderTextureClass.cpp">
      <Filter>EngineFrameworks\Source\Frameworks\ResourceClass</Filter>
    </ClCompile>
    <ClCompile Include="ShaderClass.cpp">
      <Filter>EngineFrameworks\Source\Frameworks\ResourceClass</Filter>
    </ClCompile>
    <ClCompile Include="D3DClass.cpp">
      <Filter>EngineFrameworks\Source\Frameworks</Filter>
    </ClCompile>
    <ClCompile Include="GameObject.cpp">
      <Filter>EngineFrameworks\Source\Frameworks</Filter>
    </ClCompile>
    <ClCompile Include="GraphicsClass.cpp">
      <Filter>EngineFrameworks\Source\Frameworks</Filter>
    </ClCompile>
    <ClCompile Include="InputClass.cpp">
      <Filter>EngineFrameworks\Source\Frameworks</Filter>
    </ClCompile>
    <ClCompile Include="SystemClass.cpp">
      <Filter>EngineFrameworks\Source\Frameworks</Filter>
    </ClCompile>
    <ClCompile Include="ViewPointClass.cpp">
      <Filter>EngineFrameworks\Source\Frameworks</Filter>
    </ClCompile>
    <ClCompile Include="BitmapClass.cpp">
      <Filter>EngineFrameworks\Source\Frameworks\ResourceClass</Filter>
    </ClCompile>
    <ClCompile Include="JHEngine.cpp">
      <Filter>EngineFrameworks</Filter>
    </ClCompile>
    <ClCompile Include="stdafx.cpp">
      <Filter>EngineFrameworks</Filter>
    </ClCompile>
    <ClCompile Include="Transform.cpp">
      <Filter>EngineFrameworks</Filter>
    </ClCompile>
    <ClCompile Include="CameraComponent.cpp">
      <Filter>EngineFrameworks\Source\Components</Filter>
    </ClCompile>
    <ClCompile Include="LightComponent.cpp">
      <Filter>EngineFrameworks\Source\Components</Filter>
    </ClCompile>
    <ClCompile Include="MeshRenderer.cpp">
      <Filter>EngineFrameworks\Source\Components</Filter>
    </ClCompile>
    <ClCompile Include="DDSTextureLoader.cpp">
      <Filter>EngineFrameworks\Source\Frameworks</Filter>
    </ClCompile>
    <ClCompile Include="WICTextureLoader.cpp">
      <Filter>EngineFrameworks\Source\Frameworks</Filter>
    </ClCompile>
  </ItemGroup>
  <ItemGroup>
    <FxCompile Include="texture_ps.hlsl">
      <Filter>Shaders\HLSL</Filter>
    </FxCompile>
    <FxCompile Include="texture_vs.hlsl">
      <Filter>Shaders\HLSL</Filter>
    </FxCompile>
    <FxCompile Include="Shadow_vs.hlsl">
      <Filter>Shaders\HLSL</Filter>
    </FxCompile>
    <FxCompile Include="Shadow_ps.hlsl">
      <Filter>Shaders\HLSL</Filter>
    </FxCompile>
    <FxCompile Include="depth_ps.hlsl">
      <Filter>Shaders\HLSL</Filter>
    </FxCompile>
    <FxCompile Include="depth_vs.hlsl">
      <Filter>Shaders\HLSL</Filter>
    </FxCompile>
  </ItemGroup>
  <ItemGroup>
    <Text Include="data\cube.txt">
      <Filter>data</Filter>
    </Text>
    <Text Include="data\floor.txt">
      <Filter>data</Filter>
    </Text>
  </ItemGroup>
  <ItemGroup>
    <Image Include="data\grate.dds">
      <Filter>data</Filter>
    </Image>
    <Image Include="data\seafloor.dds">
      <Filter>data</Filter>
    </Image>
    <Image Include="data\stone.dds">
      <Filter>data</Filter>
    </Image>
    <Image Include="data\tilesheet.png">
      <Filter>data</Filter>
    </Image>
    <Image Include="data\tile.dds">
      <Filter>data</Filter>
    </Image>
  </ItemGroup>
  <ItemGroup>
    <None Include="data\lena(512x512).raw">
      <Filter>data</Filter>
    </None>
    <None Include="data\brilliant_terrain.raw">
      <Filter>data</Filter>
    </None>
    <None Include="data\1x1-island.raw">
      <Filter>data</Filter>
    </None>
    <None Include="data\heightmap.r16">
      <Filter>data</Filter>
    </None>
    <None Include="data\teasdrrain.raw">
      <Filter>data</Filter>
    </None>
  </ItemGroup>
</Project>