<?xml version="1.0" encoding="utf-8"?>
<Project ToolsVersion="4.0" xmlns="http://schemas.microsoft.com/developer/msbuild/2003">
  <ItemGroup>
    <Filter Include="리소스 파일">
      <UniqueIdentifier>{67DA6AB6-F800-4c08-8B7A-83BB121AAD01}</UniqueIdentifier>
      <Extensions>rc;ico;cur;bmp;dlg;rc2;rct;bin;rgs;gif;jpg;jpeg;jpe;resx;tiff;tif;png;wav;mfcribbon-ms</Extensions>
    </Filter>
    <Filter Include="data">
      <UniqueIdentifier>{003b7574-e748-46d9-bdc3-c11c2ccd5846}</UniqueIdentifier>
    </Filter>
    <Filter Include="Shaders">
      <UniqueIdentifier>{9a217e4f-241a-4cce-ba87-abf7572b3df7}</UniqueIdentifier>
    </Filter>
    <Filter Include="Scripts">
      <UniqueIdentifier>{32e0c130-6937-42ff-aa77-95755f38a4d5}</UniqueIdentifier>
    </Filter>
    <Filter Include="Shaders\HLSL">
      <UniqueIdentifier>{387d9a59-812a-49da-87b1-f844ae53a3df}</UniqueIdentifier>
    </Filter>
    <Filter Include="JHEngine">
      <UniqueIdentifier>{9674c307-5b97-4715-a878-9992848de378}</UniqueIdentifier>
    </Filter>
    <Filter Include="JHEngine\Core">
      <UniqueIdentifier>{12b73f0c-fbc1-4baa-99fd-f2bd98e93c25}</UniqueIdentifier>
    </Filter>
    <Filter Include="JHEngine\Engine">
      <UniqueIdentifier>{653e4ea3-3182-4481-a91d-5ef4a8968898}</UniqueIdentifier>
    </Filter>
    <Filter Include="JHEngine\Engine\ResourceClass">
      <UniqueIdentifier>{59ec0132-e857-42d0-9ccd-eb79454d0d81}</UniqueIdentifier>
    </Filter>
    <Filter Include="JHEngine\Engine\Components">
      <UniqueIdentifier>{e6b1b15b-463b-427b-9661-37fc33c7a1cc}</UniqueIdentifier>
    </Filter>
    <Filter Include="JHEngine\ETC">
      <UniqueIdentifier>{60b594d0-eecd-44e2-bf78-32ca171c8c29}</UniqueIdentifier>
    </Filter>
    <Filter Include="Scenes">
      <UniqueIdentifier>{655ab85f-00d6-4940-a371-d44ad109c349}</UniqueIdentifier>
    </Filter>
  </ItemGroup>
  <ItemGroup>
    <ClInclude Include="MeshRenderer.h">
      <Filter>JHEngine\Engine\Components</Filter>
    </ClInclude>
    <ClInclude Include="D3DClass.h">
      <Filter>JHEngine\Engine</Filter>
    </ClInclude>
    <ClInclude Include="DxDefine.h">
      <Filter>JHEngine\Engine</Filter>
    </ClInclude>
    <ClInclude Include="GraphicsClass.h">
      <Filter>JHEngine\Engine</Filter>
    </ClInclude>
    <ClInclude Include="InputClass.h">
      <Filter>JHEngine\Engine</Filter>
    </ClInclude>
    <ClInclude Include="SystemClass.h">
      <Filter>JHEngine\Engine</Filter>
    </ClInclude>
    <ClInclude Include="AlignedAllocationPolicy.h">
      <Filter>JHEngine\Engine</Filter>
    </ClInclude>
    <ClInclude Include="ResourcesClass.h">
      <Filter>JHEngine\Engine</Filter>
    </ClInclude>
    <ClInclude Include="LightComponent.h">
      <Filter>JHEngine\Engine\Components</Filter>
    </ClInclude>
    <ClInclude Include="GameObject.h">
      <Filter>JHEngine\Engine</Filter>
    </ClInclude>
    <ClInclude Include="Component.h">
      <Filter>JHEngine\Engine</Filter>
    </ClInclude>
    <ClInclude Include="CameraComponent.h">
      <Filter>JHEngine\Engine\Components</Filter>
    </ClInclude>
    <ClInclude Include="MeshClass.h">
      <Filter>JHEngine\Engine\ResourceClass</Filter>
    </ClInclude>
    <ClInclude Include="ShaderClass.h">
      <Filter>JHEngine\Engine\ResourceClass</Filter>
    </ClInclude>
    <ClInclude Include="TextureClass.h">
      <Filter>JHEngine\Engine\ResourceClass</Filter>
    </ClInclude>
    <ClInclude Include="MaterialClass.h">
      <Filter>JHEngine\Engine\ResourceClass</Filter>
    </ClInclude>
    <ClInclude Include="RenderTextureClass.h">
      <Filter>JHEngine\Engine\ResourceClass</Filter>
    </ClInclude>
    <ClInclude Include="InputComponent.h">
      <Filter>Scripts</Filter>
    </ClInclude>
    <ClInclude Include="BitmapClass.h">
      <Filter>JHEngine\Engine\ResourceClass</Filter>
    </ClInclude>
    <ClInclude Include="Transform.h">
      <Filter>JHEngine\Engine</Filter>
    </ClInclude>
    <ClInclude Include="ComputeShader.h">
      <Filter>JHEngine\Engine\ResourceClass</Filter>
    </ClInclude>
    <ClInclude Include="StructuredBuffer.h">
      <Filter>JHEngine\Engine\ResourceClass</Filter>
    </ClInclude>
    <ClInclude Include="TriplanarShaderClass.h">
      <Filter>Shaders</Filter>
    </ClInclude>
    <ClInclude Include="ShaderParameterCollections.h">
      <Filter>JHEngine\Engine\ResourceClass</Filter>
    </ClInclude>
    <ClInclude Include="VoxelTable.h">
      <Filter>Scripts</Filter>
    </ClInclude>
    <ClInclude Include="JHVector.h">
      <Filter>JHEngine\Core</Filter>
    </ClInclude>
    <ClInclude Include="SceneClass.h">
      <Filter>JHEngine\Engine</Filter>
    </ClInclude>
    <ClInclude Include="MainScene.h">
      <Filter>Scenes</Filter>
    </ClInclude>
    <ClInclude Include="DDSTextureLoader.h">
      <Filter>JHEngine\ETC</Filter>
    </ClInclude>
    <ClInclude Include="WICTextureLoader.h">
      <Filter>JHEngine\ETC</Filter>
    </ClInclude>
    <ClInclude Include="JobSystem.h">
      <Filter>JHEngine\ETC</Filter>
    </ClInclude>
    <ClInclude Include="ThreadPool2.h">
      <Filter>JHEngine\ETC</Filter>
    </ClInclude>
    <ClInclude Include="ThreadPool.h">
      <Filter>JHEngine\ETC</Filter>
    </ClInclude>
    <ClInclude Include="VoxelComponent.h">
      <Filter>Scripts</Filter>
    </ClInclude>
    <ClInclude Include="resource.h">
      <Filter>JHEngine</Filter>
    </ClInclude>
    <ClInclude Include="stdafx.h">
      <Filter>JHEngine</Filter>
    </ClInclude>
    <ClInclude Include="targetver.h">
      <Filter>JHEngine</Filter>
    </ClInclude>
    <ClInclude Include="Octree.h">
      <Filter>JHEngine\ETC</Filter>
    </ClInclude>
    <ClInclude Include="PerlinNoise.h">
      <Filter>JHEngine\ETC</Filter>
    </ClInclude>
    <ClInclude Include="ArrayedOctree.h">
      <Filter>JHEngine\ETC</Filter>
    </ClInclude>
    <ClInclude Include="RWLock.h">
      <Filter>JHEngine\ETC</Filter>
    </ClInclude>
    <ClInclude Include="Singleton.h">
      <Filter>JHEngine\ETC</Filter>
    </ClInclude>
  </ItemGroup>
  <ItemGroup>
    <ClCompile Include="InputComponent.cpp">
      <Filter>Scripts</Filter>
    </ClCompile>
    <ClCompile Include="ResourcesClass.cpp" />
    <ClCompile Include="TextureClass.cpp">
      <Filter>JHEngine\Engine\ResourceClass</Filter>
    </ClCompile>
    <ClCompile Include="MaterialClass.cpp">
      <Filter>JHEngine\Engine\ResourceClass</Filter>
    </ClCompile>
    <ClCompile Include="MeshClass.cpp">
      <Filter>JHEngine\Engine\ResourceClass</Filter>
    </ClCompile>
    <ClCompile Include="RenderTextureClass.cpp">
      <Filter>JHEngine\Engine\ResourceClass</Filter>
    </ClCompile>
    <ClCompile Include="ShaderClass.cpp">
      <Filter>JHEngine\Engine\ResourceClass</Filter>
    </ClCompile>
    <ClCompile Include="D3DClass.cpp">
      <Filter>JHEngine\Engine</Filter>
    </ClCompile>
    <ClCompile Include="GameObject.cpp">
      <Filter>JHEngine\Engine</Filter>
    </ClCompile>
    <ClCompile Include="GraphicsClass.cpp">
      <Filter>JHEngine\Engine</Filter>
    </ClCompile>
    <ClCompile Include="InputClass.cpp">
      <Filter>JHEngine\Engine</Filter>
    </ClCompile>
    <ClCompile Include="SystemClass.cpp">
      <Filter>JHEngine\Engine</Filter>
    </ClCompile>
    <ClCompile Include="BitmapClass.cpp">
      <Filter>JHEngine\Engine\ResourceClass</Filter>
    </ClCompile>
    <ClCompile Include="CameraComponent.cpp">
      <Filter>JHEngine\Engine\Components</Filter>
    </ClCompile>
    <ClCompile Include="LightComponent.cpp">
      <Filter>JHEngine\Engine\Components</Filter>
    </ClCompile>
    <ClCompile Include="MeshRenderer.cpp">
      <Filter>JHEngine\Engine\Components</Filter>
    </ClCompile>
    <ClCompile Include="Transform.cpp">
      <Filter>JHEngine\Engine</Filter>
    </ClCompile>
    <ClCompile Include="Component.cpp">
      <Filter>JHEngine\Engine</Filter>
    </ClCompile>
    <ClCompile Include="ComputeShader.cpp">
      <Filter>JHEngine\Engine\ResourceClass</Filter>
    </ClCompile>
    <ClCompile Include="StructuredBuffer.cpp">
      <Filter>JHEngine\Engine\ResourceClass</Filter>
    </ClCompile>
    <ClCompile Include="TriplanarShaderClass.cpp">
      <Filter>Shaders</Filter>
    </ClCompile>
    <ClCompile Include="ShaderParameterCollections.cpp">
      <Filter>JHEngine\Engine\ResourceClass</Filter>
    </ClCompile>
    <ClCompile Include="SceneClass.cpp">
      <Filter>JHEngine\Engine</Filter>
    </ClCompile>
    <ClCompile Include="MainScene.cpp">
      <Filter>Scenes</Filter>
    </ClCompile>
    <ClCompile Include="DDSTextureLoader.cpp">
      <Filter>JHEngine\ETC</Filter>
    </ClCompile>
    <ClCompile Include="WICTextureLoader.cpp">
      <Filter>JHEngine\ETC</Filter>
    </ClCompile>
    <ClCompile Include="JobSystem.cpp">
      <Filter>JHEngine\ETC</Filter>
    </ClCompile>
    <ClCompile Include="ThreadPool.cpp">
      <Filter>JHEngine\ETC</Filter>
    </ClCompile>
    <ClCompile Include="ThreadPool2.cpp">
      <Filter>JHEngine\ETC</Filter>
    </ClCompile>
    <ClCompile Include="VoxelComponent.cpp">
      <Filter>Scripts</Filter>
    </ClCompile>
    <ClCompile Include="stdafx.cpp">
      <Filter>JHEngine</Filter>
    </ClCompile>
    <ClCompile Include="Octree.cpp">
      <Filter>JHEngine\ETC</Filter>
    </ClCompile>
    <ClCompile Include="PerlinNoise.cpp">
      <Filter>JHEngine\ETC</Filter>
    </ClCompile>
    <ClCompile Include="ArrayedOctree.cpp">
      <Filter>JHEngine\ETC</Filter>
    </ClCompile>
    <ClCompile Include="RWLock.cpp">
      <Filter>JHEngine\ETC</Filter>
    </ClCompile>
    <ClCompile Include="JHEngine.cpp">
      <Filter>JHEngine\Engine</Filter>
    </ClCompile>
  </ItemGroup>
  <ItemGroup>
    <FxCompile Include="hlsl\depth_ps.hlsl">
      <Filter>Shaders\HLSL</Filter>
    </FxCompile>
    <FxCompile Include="hlsl\depth_vs.hlsl">
      <Filter>Shaders\HLSL</Filter>
    </FxCompile>
    <FxCompile Include="hlsl\marchingCube.hlsl">
      <Filter>Shaders\HLSL</Filter>
    </FxCompile>
    <FxCompile Include="hlsl\projection_ps.hlsl">
      <Filter>Shaders\HLSL</Filter>
    </FxCompile>
    <FxCompile Include="hlsl\projection_vs.hlsl">
      <Filter>Shaders\HLSL</Filter>
    </FxCompile>
    <FxCompile Include="hlsl\Shadow_ps.hlsl">
      <Filter>Shaders\HLSL</Filter>
    </FxCompile>
    <FxCompile Include="hlsl\Shadow_vs.hlsl">
      <Filter>Shaders\HLSL</Filter>
    </FxCompile>
    <FxCompile Include="hlsl\texture_ps.hlsl">
      <Filter>Shaders\HLSL</Filter>
    </FxCompile>
    <FxCompile Include="hlsl\texture_vs.hlsl">
      <Filter>Shaders\HLSL</Filter>
    </FxCompile>
    <FxCompile Include="hlsl\triplanar.hlsl">
      <Filter>Shaders\HLSL</Filter>
    </FxCompile>
  </ItemGroup>
  <ItemGroup>
    <Text Include="data\cube.txt">
      <Filter>data</Filter>
    </Text>
    <Text Include="data\floor.txt">
      <Filter>data</Filter>
    </Text>
  </ItemGroup>
  <ItemGroup>
    <Image Include="data\seafloor.dds">
      <Filter>data</Filter>
    </Image>
    <Image Include="data\stone.dds">
      <Filter>data</Filter>
    </Image>
    <Image Include="data\tilesheet.png">
      <Filter>data</Filter>
    </Image>
    <Image Include="data\tile.dds">
      <Filter>data</Filter>
    </Image>
    <Image Include="data\grass1.dds">
      <Filter>data</Filter>
    </Image>
    <Image Include="data\sample.dds">
      <Filter>data</Filter>
    </Image>
    <Image Include="data\grass.dds">
      <Filter>data</Filter>
    </Image>
    <Image Include="data\soil.dds">
      <Filter>data</Filter>
    </Image>
  </ItemGroup>
  <ItemGroup>
    <None Include="data\lena(512x512).raw">
      <Filter>data</Filter>
    </None>
    <None Include="data\brilliant_terrain.raw">
      <Filter>data</Filter>
    </None>
    <None Include="data\1x1-island.raw">
      <Filter>data</Filter>
    </None>
    <None Include="data\heightmap.r16">
      <Filter>data</Filter>
    </None>
    <None Include="data\teasdrrain.raw">
      <Filter>data</Filter>
    </None>
    <None Include="dds1.bin">
      <Filter>리소스 파일</Filter>
    </None>
    <None Include="dds2.bin">
      <Filter>리소스 파일</Filter>
    </None>
  </ItemGroup>
  <ItemGroup>
    <ResourceCompile Include="JHEngine.rc">
      <Filter>리소스 파일</Filter>
    </ResourceCompile>
  </ItemGroup>
</Project>